
Microsoft Visual Studio Solution File, Format Version 12.00
# Visual Studio Version 16
VisualStudioVersion = 25.0.1703.6
MinimumVisualStudioVersion = 10.0.40219.1
Project("{FAE04EC0-301F-11D3-BF4B-00C04F79EFBC}") = "ASPace", "ASPace.csproj", "{E0126694-453D-4776-8F56-3DE2D87CE9E6}"
EndProject
Global
	GlobalSection(SolutionConfigurationPlatforms) = preSolution
		Debug|Any CPU = Debug|Any CPU
		Release|Any CPU = Release|Any CPU
	EndGlobalSection
	GlobalSection(ProjectConfigurationPlatforms) = postSolution
		{E0126694-453D-4776-8F56-3DE2D87CE9E6}.Debug|Any CPU.ActiveCfg = Debug|Any CPU
		{E0126694-453D-4776-8F56-3DE2D87CE9E6}.Debug|Any CPU.Build.0 = Debug|Any CPU
		{E0126694-453D-4776-8F56-3DE2D87CE9E6}.Release|Any CPU.ActiveCfg = Release|Any CPU
		{E0126694-453D-4776-8F56-3DE2D87CE9E6}.Release|Any CPU.Build.0 = Release|Any CPU
	EndGlobalSection
	GlobalSection(SolutionProperties) = preSolution
		HideSolutionNode = FALSE
	EndGlobalSection
	GlobalSection(ExtensibilityGlobals) = postSolution
		SolutionGuid = {2EF48091-AD30-472D-A1DE-C6D6789631D3}
	EndGlobalSection
EndGlobal
